
Microsoft Visual Studio Solution File, Format Version 12.00
# Visual Studio Version 16
VisualStudioVersion = 16.0.32929.386
MinimumVisualStudioVersion = 10.0.40219.1
Project("{9A19103F-16F7-4668-BE54-9A1E7A4F7556}") = "ECommerce.API.Products", "ECommerce.API.Products\ECommerce.API.Products.csproj", "{153810E1-5A47-4BCF-9EBD-EBDF18BB1A02}"
EndProject
Project("{9A19103F-16F7-4668-BE54-9A1E7A4F7556}") = "ECommerce.API.Customers", "ECommerce.API.Customers\ECommerce.API.Customers.csproj", "{791B744B-C9AD-4DC8-9019-C7EC98BEF471}"
EndProject
Project("{9A19103F-16F7-4668-BE54-9A1E7A4F7556}") = "ECommerce.API.Orders", "ECommerce.API.Orders\ECommerce.API.Orders.csproj", "{943685F9-6A35-4BCB-A936-34C7408D8E5E}"
EndProject
Project("{9A19103F-16F7-4668-BE54-9A1E7A4F7556}") = "ECommerce.API.Search", "ECommerce.API.Search\ECommerce.API.Search.csproj", "{681AC8C6-7902-46DB-AD2B-E814F0B6CEF9}"
EndProject
Project("{FAE04EC0-301F-11D3-BF4B-00C04F79EFBC}") = "ECommerce.Api.Products.Test", "ECommerce.Api.Products.Test\ECommerce.Api.Products.Test.csproj", "{A6C0CA30-5684-45B9-8862-6B615CED4FBD}"
EndProject
Global
	GlobalSection(SolutionConfigurationPlatforms) = preSolution
		Debug|Any CPU = Debug|Any CPU
		Release|Any CPU = Release|Any CPU
	EndGlobalSection
	GlobalSection(ProjectConfigurationPlatforms) = postSolution
		{153810E1-5A47-4BCF-9EBD-EBDF18BB1A02}.Debug|Any CPU.ActiveCfg = Debug|Any CPU
		{153810E1-5A47-4BCF-9EBD-EBDF18BB1A02}.Debug|Any CPU.Build.0 = Debug|Any CPU
		{153810E1-5A47-4BCF-9EBD-EBDF18BB1A02}.Release|Any CPU.ActiveCfg = Release|Any CPU
		{153810E1-5A47-4BCF-9EBD-EBDF18BB1A02}.Release|Any CPU.Build.0 = Release|Any CPU
		{791B744B-C9AD-4DC8-9019-C7EC98BEF471}.Debug|Any CPU.ActiveCfg = Debug|Any CPU
		{791B744B-C9AD-4DC8-9019-C7EC98BEF471}.Debug|Any CPU.Build.0 = Debug|Any CPU
		{791B744B-C9AD-4DC8-9019-C7EC98BEF471}.Release|Any CPU.ActiveCfg = Release|Any CPU
		{791B744B-C9AD-4DC8-9019-C7EC98BEF471}.Release|Any CPU.Build.0 = Release|Any CPU
		{943685F9-6A35-4BCB-A936-34C7408D8E5E}.Debug|Any CPU.ActiveCfg = Debug|Any CPU
		{943685F9-6A35-4BCB-A936-34C7408D8E5E}.Debug|Any CPU.Build.0 = Debug|Any CPU
		{943685F9-6A35-4BCB-A936-34C7408D8E5E}.Release|Any CPU.ActiveCfg = Release|Any CPU
		{943685F9-6A35-4BCB-A936-34C7408D8E5E}.Release|Any CPU.Build.0 = Release|Any CPU
		{681AC8C6-7902-46DB-AD2B-E814F0B6CEF9}.Debug|Any CPU.ActiveCfg = Debug|Any CPU
		{681AC8C6-7902-46DB-AD2B-E814F0B6CEF9}.Debug|Any CPU.Build.0 = Debug|Any CPU
		{681AC8C6-7902-46DB-AD2B-E814F0B6CEF9}.Release|Any CPU.ActiveCfg = Release|Any CPU
		{681AC8C6-7902-46DB-AD2B-E814F0B6CEF9}.Release|Any CPU.Build.0 = Release|Any CPU
		{A6C0CA30-5684-45B9-8862-6B615CED4FBD}.Debug|Any CPU.ActiveCfg = Debug|Any CPU
		{A6C0CA30-5684-45B9-8862-6B615CED4FBD}.Debug|Any CPU.Build.0 = Debug|Any CPU
		{A6C0CA30-5684-45B9-8862-6B615CED4FBD}.Release|Any CPU.ActiveCfg = Release|Any CPU
		{A6C0CA30-5684-45B9-8862-6B615CED4FBD}.Release|Any CPU.Build.0 = Release|Any CPU
	EndGlobalSection
	GlobalSection(SolutionProperties) = preSolution
		HideSolutionNode = FALSE
	EndGlobalSection
	GlobalSection(ExtensibilityGlobals) = postSolution
		SolutionGuid = {8725CC8C-E2D3-4B2A-9BA8-F1F24A8BA1A8}
	EndGlobalSection
EndGlobal
